// !$*UTF8*$!
{
	archiveVersion = 1;
	classes = {
	};
	objectVersion = 77;
	objects = {

/* Begin PBXBuildFile section */
		042396D12F1DECF900C7433B /* UIKit.framework in Frameworks */ = {isa = PBXBuildFile; fileRef = 042396D02F1DECF900C7433B /* UIKit.framework */; platformFilters = (ios, xros, ); settings = {ATTRIBUTES = (Weak, ); }; };
		A10C0DE12F20000100A11CE1 /* MockImageGeneratorTests.swift in Sources */ = {isa = PBXBuildFile; fileRef = A10C0DE22F20000100A11CE1 /* MockImageGeneratorTests.swift */; };
		B20C0DE12F20000200A11CE1 /* SuxiuMotionUITests.swift in Sources */ = {isa = PBXBuildFile; fileRef = B20C0DE22F20000200A11CE1 /* SuxiuMotionUITests.swift */; };
/* End PBXBuildFile section */

/* Begin PBXContainerItemProxy section */
		042396B12F1D151700C7433B /* PBXContainerItemProxy */ = {
			isa = PBXContainerItemProxy;
			containerPortal = 042396992F1D151600C7433B /* Project object */;
			proxyType = 1;
			remoteGlobalIDString = 042396A02F1D151600C7433B;
			remoteInfo = "JinxiuZhizao";
		};
		042396BB2F1D151700C7433B /* PBXContainerItemProxy */ = {
			isa = PBXContainerItemProxy;
			containerPortal = 042396992F1D151600C7433B /* Project object */;
			proxyType = 1;
			remoteGlobalIDString = 042396A02F1D151600C7433B;
			remoteInfo = "JinxiuZhizao";
		};
/* End PBXContainerItemProxy section */

/* Begin PBXFileReference section */
		042396A12F1D151600C7433B /* JinxiuZhizao.app */ = {isa = PBXFileReference; explicitFileType = wrapper.application; includeInIndex = 0; path = "JinxiuZhizao.app"; sourceTree = BUILT_PRODUCTS_DIR; };
		042396B02F1D151700C7433B /* JinxiuZhizaoTests.xctest */ = {isa = PBXFileReference; explicitFileType = wrapper.cfbundle; includeInIndex = 0; path = "JinxiuZhizaoTests.xctest"; sourceTree = BUILT_PRODUCTS_DIR; };
		042396BA2F1D151700C7433B /* JinxiuZhizaoUITests.xctest */ = {isa = PBXFileReference; explicitFileType = wrapper.cfbundle; includeInIndex = 0; path = "JinxiuZhizaoUITests.xctest"; sourceTree = BUILT_PRODUCTS_DIR; };
		042396D02F1DECF900C7433B /* UIKit.framework */ = {isa = PBXFileReference; lastKnownFileType = wrapper.framework; name = UIKit.framework; path = Platforms/iPhoneOS.platform/Developer/SDKs/iPhoneOS26.2.sdk/System/Library/Frameworks/UIKit.framework; sourceTree = DEVELOPER_DIR; };
		A10C0DE22F20000100A11CE1 /* MockImageGeneratorTests.swift */ = {isa = PBXFileReference; lastKnownFileType = sourcecode.swift; path = MockImageGeneratorTests.swift; sourceTree = "<group>"; };
		B20C0DE22F20000200A11CE1 /* SuxiuMotionUITests.swift */ = {isa = PBXFileReference; lastKnownFileType = sourcecode.swift; path = SuxiuMotionUITests.swift; sourceTree = "<group>"; };
/* End PBXFileReference section */

/* Begin PBXFileSystemSynchronizedRootGroup section */
		042396A32F1D151600C7433B /* JinxiuZhizao */ = {
			isa = PBXFileSystemSynchronizedRootGroup;
			path = "JinxiuZhizao";
			sourceTree = "<group>";
		};
/* End PBXFileSystemSynchronizedRootGroup section */

/* Begin PBXFrameworksBuildPhase section */
		0423969E2F1D151600C7433B /* Frameworks */ = {
			isa = PBXFrameworksBuildPhase;
			buildActionMask = 2147483647;
			files = (
				042396D12F1DECF900C7433B /* UIKit.framework in Frameworks */,
			);
			runOnlyForDeploymentPostprocessing = 0;
		};
		042396AD2F1D151700C7433B /* Frameworks */ = {
			isa = PBXFrameworksBuildPhase;
			buildActionMask = 2147483647;
			files = (
			);
			runOnlyForDeploymentPostprocessing = 0;
		};
		042396B72F1D151700C7433B /* Frameworks */ = {
			isa = PBXFrameworksBuildPhase;
			buildActionMask = 2147483647;
			files = (
			);
			runOnlyForDeploymentPostprocessing = 0;
		};
/* End PBXFrameworksBuildPhase section */

/* Begin PBXGroup section */
		042396982F1D151600C7433B = {
			isa = PBXGroup;
			children = (
				042396A32F1D151600C7433B /* JinxiuZhizao */,
				A10C0DE32F20000100A11CE1 /* JinxiuZhizaoTests */,
				B20C0DE32F20000200A11CE1 /* JinxiuZhizaoUITests */,
				042396CF2F1DECF900C7433B /* Frameworks */,
				042396A22F1D151600C7433B /* Products */,
			);
			sourceTree = "<group>";
		};
		042396A22F1D151600C7433B /* Products */ = {
			isa = PBXGroup;
			children = (
				042396A12F1D151600C7433B /* JinxiuZhizao.app */,
				042396B02F1D151700C7433B /* JinxiuZhizaoTests.xctest */,
				042396BA2F1D151700C7433B /* JinxiuZhizaoUITests.xctest */,
			);
			name = Products;
			sourceTree = "<group>";
		};
		042396CF2F1DECF900C7433B /* Frameworks */ = {
			isa = PBXGroup;
			children = (
				042396D02F1DECF900C7433B /* UIKit.framework */,
			);
			name = Frameworks;
			sourceTree = "<group>";
		};
		A10C0DE32F20000100A11CE1 /* JinxiuZhizaoTests */ = {
			isa = PBXGroup;
			children = (
				A10C0DE22F20000100A11CE1 /* MockImageGeneratorTests.swift */,
			);
			path = "JinxiuZhizaoTests";
			sourceTree = "<group>";
		};
		B20C0DE32F20000200A11CE1 /* JinxiuZhizaoUITests */ = {
			isa = PBXGroup;
			children = (
				B20C0DE22F20000200A11CE1 /* SuxiuMotionUITests.swift */,
			);
			path = "JinxiuZhizaoUITests";
			sourceTree = "<group>";
		};
/* End PBXGroup section */

/* Begin PBXNativeTarget section */
		042396A02F1D151600C7433B /* JinxiuZhizao */ = {
			isa = PBXNativeTarget;
			buildConfigurationList = 042396C42F1D151700C7433B /* Build configuration list for PBXNativeTarget "JinxiuZhizao" */;
			buildPhases = (
				0423969D2F1D151600C7433B /* Sources */,
				0423969E2F1D151600C7433B /* Frameworks */,
				0423969F2F1D151600C7433B /* Resources */,
			);
			buildRules = (
			);
			dependencies = (
			);
			fileSystemSynchronizedGroups = (
				042396A32F1D151600C7433B /* JinxiuZhizao */,
			);
			name = "JinxiuZhizao";
			packageProductDependencies = (
			);
			productName = "JinxiuZhizao";
			productReference = 042396A12F1D151600C7433B /* JinxiuZhizao.app */;
			productType = "com.apple.product-type.application";
		};
		042396AF2F1D151700C7433B /* JinxiuZhizaoTests */ = {
			isa = PBXNativeTarget;
			buildConfigurationList = 042396C72F1D151700C7433B /* Build configuration list for PBXNativeTarget "JinxiuZhizaoTests" */;
			buildPhases = (
				042396AC2F1D151700C7433B /* Sources */,
				042396AD2F1D151700C7433B /* Frameworks */,
				042396AE2F1D151700C7433B /* Resources */,
			);
			buildRules = (
			);
			dependencies = (
				042396B22F1D151700C7433B /* PBXTargetDependency */,
			);
			name = "JinxiuZhizaoTests";
			packageProductDependencies = (
			);
			productName = "JinxiuZhizaoTests";
			productReference = 042396B02F1D151700C7433B /* JinxiuZhizaoTests.xctest */;
			productType = "com.apple.product-type.bundle.unit-test";
		};
		042396B92F1D151700C7433B /* JinxiuZhizaoUITests */ = {
			isa = PBXNativeTarget;
			buildConfigurationList = 042396CA2F1D151700C7433B /* Build configuration list for PBXNativeTarget "JinxiuZhizaoUITests" */;
			buildPhases = (
				042396B62F1D151700C7433B /* Sources */,
				042396B72F1D151700C7433B /* Frameworks */,
				042396B82F1D151700C7433B /* Resources */,
			);
			buildRules = (
			);
			dependencies = (
				042396BC2F1D151700C7433B /* PBXTargetDependency */,
			);
			name = "JinxiuZhizaoUITests";
			packageProductDependencies = (
			);
			productName = "JinxiuZhizaoUITests";
			productReference = 042396BA2F1D151700C7433B /* JinxiuZhizaoUITests.xctest */;
			productType = "com.apple.product-type.bundle.ui-testing";
		};
/* End PBXNativeTarget section */

/* Begin PBXProject section */
		042396992F1D151600C7433B /* Project object */ = {
			isa = PBXProject;
			attributes = {
				BuildIndependentTargetsInParallel = 1;
				LastSwiftUpdateCheck = 2620;
				LastUpgradeCheck = 2620;
				TargetAttributes = {
					042396A02F1D151600C7433B = {
						CreatedOnToolsVersion = 26.2;
					};
					042396AF2F1D151700C7433B = {
						CreatedOnToolsVersion = 26.2;
						TestTargetID = 042396A02F1D151600C7433B;
					};
					042396B92F1D151700C7433B = {
						CreatedOnToolsVersion = 26.2;
						TestTargetID = 042396A02F1D151600C7433B;
					};
				};
			};
			buildConfigurationList = 0423969C2F1D151600C7433B /* Build configuration list for PBXProject "JinxiuZhizao" */;
			developmentRegion = en;
			hasScannedForEncodings = 0;
			knownRegions = (
				en,
				Base,
			);
			mainGroup = 042396982F1D151600C7433B;
			minimizedProjectReferenceProxies = 1;
			preferredProjectObjectVersion = 77;
			productRefGroup = 042396A22F1D151600C7433B /* Products */;
			projectDirPath = "";
			projectRoot = "";
			targets = (
				042396A02F1D151600C7433B /* JinxiuZhizao */,
				042396AF2F1D151700C7433B /* JinxiuZhizaoTests */,
				042396B92F1D151700C7433B /* JinxiuZhizaoUITests */,
			);
		};
/* End PBXProject section */

/* Begin PBXResourcesBuildPhase section */
		0423969F2F1D151600C7433B /* Resources */ = {
			isa = PBXResourcesBuildPhase;
			buildActionMask = 2147483647;
			files = (
			);
			runOnlyForDeploymentPostprocessing = 0;
		};
		042396AE2F1D151700C7433B /* Resources */ = {
			isa = PBXResourcesBuildPhase;
			buildActionMask = 2147483647;
			files = (
			);
			runOnlyForDeploymentPostprocessing = 0;
		};
		042396B82F1D151700C7433B /* Resources */ = {
			isa = PBXResourcesBuildPhase;
			buildActionMask = 2147483647;
			files = (
			);
			runOnlyForDeploymentPostprocessing = 0;
		};
/* End PBXResourcesBuildPhase section */

/* Begin PBXSourcesBuildPhase section */
		0423969D2F1D151600C7433B /* Sources */ = {
			isa = PBXSourcesBuildPhase;
			buildActionMask = 2147483647;
			files = (
			);
			runOnlyForDeploymentPostprocessing = 0;
		};
		042396AC2F1D151700C7433B /* Sources */ = {
			isa = PBXSourcesBuildPhase;
			buildActionMask = 2147483647;
			files = (
				A10C0DE12F20000100A11CE1 /* MockImageGeneratorTests.swift in Sources */,
			);
			runOnlyForDeploymentPostprocessing = 0;
		};
		042396B62F1D151700C7433B /* Sources */ = {
			isa = PBXSourcesBuildPhase;
			buildActionMask = 2147483647;
			files = (
				B20C0DE12F20000200A11CE1 /* SuxiuMotionUITests.swift in Sources */,
			);
			runOnlyForDeploymentPostprocessing = 0;
		};
/* End PBXSourcesBuildPhase section */

/* Begin PBXTargetDependency section */
		042396B22F1D151700C7433B /* PBXTargetDependency */ = {
			isa = PBXTargetDependency;
			target = 042396A02F1D151600C7433B /* JinxiuZhizao */;
			targetProxy = 042396B12F1D151700C7433B /* PBXContainerItemProxy */;
		};
		042396BC2F1D151700C7433B /* PBXTargetDependency */ = {
			isa = PBXTargetDependency;
			target = 042396A02F1D151600C7433B /* JinxiuZhizao */;
			targetProxy = 042396BB2F1D151700C7433B /* PBXContainerItemProxy */;
		};
/* End PBXTargetDependency section */

/* Begin XCBuildConfiguration section */
		042396C22F1D151700C7433B /* Debug */ = {
			isa = XCBuildConfiguration;
			buildSettings = {
				ALWAYS_SEARCH_USER_PATHS = NO;
				ASSETCATALOG_COMPILER_GENERATE_SWIFT_ASSET_SYMBOL_EXTENSIONS = YES;
				CLANG_ANALYZER_NONNULL = YES;
				CLANG_ANALYZER_NUMBER_OBJECT_CONVERSION = YES_AGGRESSIVE;
				CLANG_CXX_LANGUAGE_STANDARD = "gnu++20";
				CLANG_ENABLE_MODULES = YES;
				CLANG_ENABLE_OBJC_ARC = YES;
				CLANG_ENABLE_OBJC_WEAK = YES;
				CLANG_WARN_BLOCK_CAPTURE_AUTORELEASING = YES;
				CLANG_WARN_BOOL_CONVERSION = YES;
				CLANG_WARN_COMMA = YES;
				CLANG_WARN_CONSTANT_CONVERSION = YES;
				CLANG_WARN_DEPRECATED_OBJC_IMPLEMENTATIONS = YES;
				CLANG_WARN_DIRECT_OBJC_ISA_USAGE = YES_ERROR;
				CLANG_WARN_DOCUMENTATION_COMMENTS = YES;
				CLANG_WARN_EMPTY_BODY = YES;
				CLANG_WARN_ENUM_CONVERSION = YES;
				CLANG_WARN_INFINITE_RECURSION = YES;
				CLANG_WARN_INT_CONVERSION = YES;
				CLANG_WARN_NON_LITERAL_NULL_CONVERSION = YES;
				CLANG_WARN_OBJC_IMPLICIT_RETAIN_SELF = YES;
				CLANG_WARN_OBJC_LITERAL_CONVERSION = YES;
				CLANG_WARN_OBJC_ROOT_CLASS = YES_ERROR;
				CLANG_WARN_QUOTED_INCLUDE_IN_FRAMEWORK_HEADER = YES;
				CLANG_WARN_RANGE_LOOP_ANALYSIS = YES;
				CLANG_WARN_STRICT_PROTOTYPES = YES;
				CLANG_WARN_SUSPICIOUS_MOVE = YES;
				CLANG_WARN_UNGUARDED_AVAILABILITY = YES_AGGRESSIVE;
				CLANG_WARN_UNREACHABLE_CODE = YES;
				CLANG_WARN__DUPLICATE_METHOD_MATCH = YES;
				COPY_PHASE_STRIP = NO;
				DEBUG_INFORMATION_FORMAT = dwarf;
				ENABLE_STRICT_OBJC_MSGSEND = YES;
				ENABLE_TESTABILITY = YES;
				ENABLE_USER_SCRIPT_SANDBOXING = YES;
				GCC_C_LANGUAGE_STANDARD = gnu17;
				GCC_DYNAMIC_NO_PIC = NO;
				GCC_NO_COMMON_BLOCKS = YES;
				GCC_OPTIMIZATION_LEVEL = 0;
				GCC_PREPROCESSOR_DEFINITIONS = (
					"DEBUG=1",
					"$(inherited)",
				);
				GCC_WARN_64_TO_32_BIT_CONVERSION = YES;
				GCC_WARN_ABOUT_RETURN_TYPE = YES_ERROR;
				GCC_WARN_UNDECLARED_SELECTOR = YES;
				GCC_WARN_UNINITIALIZED_AUTOS = YES_AGGRESSIVE;
				GCC_WARN_UNUSED_FUNCTION = YES;
				GCC_WARN_UNUSED_VARIABLE = YES;
				LOCALIZATION_PREFERS_STRING_CATALOGS = YES;
				MTL_ENABLE_DEBUG_INFO = INCLUDE_SOURCE;
				MTL_FAST_MATH = YES;
				ONLY_ACTIVE_ARCH = YES;
				SWIFT_ACTIVE_COMPILATION_CONDITIONS = "DEBUG $(inherited)";
				SWIFT_OPTIMIZATION_LEVEL = "-Onone";
			};
			name = Debug;
		};
		042396C32F1D151700C7433B /* Release */ = {
			isa = XCBuildConfiguration;
			buildSettings = {
				ALWAYS_SEARCH_USER_PATHS = NO;
				ASSETCATALOG_COMPILER_GENERATE_SWIFT_ASSET_SYMBOL_EXTENSIONS = YES;
				CLANG_ANALYZER_NONNULL = YES;
				CLANG_ANALYZER_NUMBER_OBJECT_CONVERSION = YES_AGGRESSIVE;
				CLANG_CXX_LANGUAGE_STANDARD = "gnu++20";
				CLANG_ENABLE_MODULES = YES;
				CLANG_ENABLE_OBJC_ARC = YES;
				CLANG_ENABLE_OBJC_WEAK = YES;
				CLANG_WARN_BLOCK_CAPTURE_AUTORELEASING = YES;
				CLANG_WARN_BOOL_CONVERSION = YES;
				CLANG_WARN_COMMA = YES;
				CLANG_WARN_CONSTANT_CONVERSION = YES;
				CLANG_WARN_DEPRECATED_OBJC_IMPLEMENTATIONS = YES;
				CLANG_WARN_DIRECT_OBJC_ISA_USAGE = YES_ERROR;
				CLANG_WARN_DOCUMENTATION_COMMENTS = YES;
				CLANG_WARN_EMPTY_BODY = YES;
				CLANG_WARN_ENUM_CONVERSION = YES;
				CLANG_WARN_INFINITE_RECURSION = YES;
				CLANG_WARN_INT_CONVERSION = YES;
				CLANG_WARN_NON_LITERAL_NULL_CONVERSION = YES;
				CLANG_WARN_OBJC_IMPLICIT_RETAIN_SELF = YES;
				CLANG_WARN_OBJC_LITERAL_CONVERSION = YES;
				CLANG_WARN_OBJC_ROOT_CLASS = YES_ERROR;
				CLANG_WARN_QUOTED_INCLUDE_IN_FRAMEWORK_HEADER = YES;
				CLANG_WARN_RANGE_LOOP_ANALYSIS = YES;
				CLANG_WARN_STRICT_PROTOTYPES = YES;
				CLANG_WARN_SUSPICIOUS_MOVE = YES;
				CLANG_WARN_UNGUARDED_AVAILABILITY = YES_AGGRESSIVE;
				CLANG_WARN_UNREACHABLE_CODE = YES;
				CLANG_WARN__DUPLICATE_METHOD_MATCH = YES;
				COPY_PHASE_STRIP = NO;
				DEBUG_INFORMATION_FORMAT = "dwarf-with-dsym";
				ENABLE_NS_ASSERTIONS = NO;
				ENABLE_STRICT_OBJC_MSGSEND = YES;
				ENABLE_USER_SCRIPT_SANDBOXING = YES;
				GCC_C_LANGUAGE_STANDARD = gnu17;
				GCC_NO_COMMON_BLOCKS = YES;
				GCC_WARN_64_TO_32_BIT_CONVERSION = YES;
				GCC_WARN_ABOUT_RETURN_TYPE = YES_ERROR;
				GCC_WARN_UNDECLARED_SELECTOR = YES;
				GCC_WARN_UNINITIALIZED_AUTOS = YES_AGGRESSIVE;
				GCC_WARN_UNUSED_FUNCTION = YES;
				GCC_WARN_UNUSED_VARIABLE = YES;
				LOCALIZATION_PREFERS_STRING_CATALOGS = YES;
				MTL_ENABLE_DEBUG_INFO = NO;
				MTL_FAST_MATH = YES;
				SWIFT_COMPILATION_MODE = wholemodule;
			};
			name = Release;
		};
		042396C52F1D151700C7433B /* Debug */ = {
			isa = XCBuildConfiguration;
			buildSettings = {
				ASSETCATALOG_COMPILER_APPICON_NAME = AppIcon;
				ASSETCATALOG_COMPILER_GLOBAL_ACCENT_COLOR_NAME = AccentColor;
				CODE_SIGN_STYLE = Automatic;
				CURRENT_PROJECT_VERSION = 1;
				DEVELOPMENT_TEAM = 9NQ43PR8Y4;
				ENABLE_APP_SANDBOX = YES;
				ENABLE_INCOMING_NETWORK_CONNECTIONS = NO;
				ENABLE_OUTGOING_NETWORK_CONNECTIONS = NO;
				ENABLE_PREVIEWS = YES;
				ENABLE_RESOURCE_ACCESS_AUDIO_INPUT = NO;
				ENABLE_RESOURCE_ACCESS_BLUETOOTH = NO;
				ENABLE_RESOURCE_ACCESS_CALENDARS = NO;
				ENABLE_RESOURCE_ACCESS_CAMERA = NO;
				ENABLE_RESOURCE_ACCESS_CONTACTS = NO;
				ENABLE_RESOURCE_ACCESS_LOCATION = NO;
				ENABLE_RESOURCE_ACCESS_PRINTING = NO;
				ENABLE_RESOURCE_ACCESS_USB = NO;
				ENABLE_USER_SELECTED_FILES = readonly;
				GENERATE_INFOPLIST_FILE = YES;
				INFOPLIST_FILE = "JinxiuZhizao-Info.plist";
				INFOPLIST_KEY_CFBundleDisplayName = "锦绣智造";
				INFOPLIST_KEY_NSCameraUsageDescription = "锦绣智造需要使用相机拍摄参考图片来生成设计";
				INFOPLIST_KEY_NSMicrophoneUsageDescription = "锦绣智造需要使用麦克风将创意描述转换为文字";
				INFOPLIST_KEY_NSNetworkVolumesUsageDescription = "锦绣智造需要网络连接来使用AI生成服务和工厂对接";
				INFOPLIST_KEY_NSPhotoLibraryAddUsageDescription = "锦绣智造需要保存生成的设计图到相册";
				INFOPLIST_KEY_NSPhotoLibraryUsageDescription = "锦绣智造需要访问相册以选择参考图片制作苏绣设计";
				INFOPLIST_KEY_NSSpeechRecognitionUsageDescription = "锦绣智造需要使用语音识别将口述创意转换为文字";
				INFOPLIST_KEY_UIApplicationSceneManifest_Generation = YES;
				"INFOPLIST_KEY_UIApplicationSceneManifest_Generation[sdk=iphoneos*]" = YES;
				"INFOPLIST_KEY_UIApplicationSceneManifest_Generation[sdk=iphonesimulator*]" = YES;
				INFOPLIST_KEY_UIApplicationSupportsIndirectInputEvents = YES;
				"INFOPLIST_KEY_UIApplicationSupportsIndirectInputEvents[sdk=iphoneos*]" = YES;
				"INFOPLIST_KEY_UIApplicationSupportsIndirectInputEvents[sdk=iphonesimulator*]" = YES;
				INFOPLIST_KEY_UILaunchScreen_Generation = YES;
				"INFOPLIST_KEY_UILaunchScreen_Generation[sdk=iphoneos*]" = YES;
				"INFOPLIST_KEY_UILaunchScreen_Generation[sdk=iphonesimulator*]" = YES;
				INFOPLIST_KEY_UIStatusBarStyle = "";
				"INFOPLIST_KEY_UIStatusBarStyle[sdk=iphoneos*]" = UIStatusBarStyleDefault;
				"INFOPLIST_KEY_UIStatusBarStyle[sdk=iphonesimulator*]" = UIStatusBarStyleDefault;
				INFOPLIST_KEY_UISupportedInterfaceOrientations = "UIInterfaceOrientationPortrait UIInterfaceOrientationLandscapeLeft UIInterfaceOrientationLandscapeRight";
				INFOPLIST_KEY_UISupportedInterfaceOrientations_iPad = "UIInterfaceOrientationPortrait UIInterfaceOrientationPortraitUpsideDown UIInterfaceOrientationLandscapeLeft UIInterfaceOrientationLandscapeRight";
				INFOPLIST_KEY_UISupportedInterfaceOrientations_iPhone = "UIInterfaceOrientationPortrait UIInterfaceOrientationLandscapeLeft UIInterfaceOrientationLandscapeRight";
				IPHONEOS_DEPLOYMENT_TARGET = 26.0;
				LD_RUNPATH_SEARCH_PATHS = "@executable_path/Frameworks";
				"LD_RUNPATH_SEARCH_PATHS[sdk=macosx*]" = "@executable_path/../Frameworks";
				MACOSX_DEPLOYMENT_TARGET = 26.0;
				MARKETING_VERSION = 1.0;
				PRODUCT_BUNDLE_IDENTIFIER = com.chulakarins.suxiu;
				PRODUCT_NAME = "$(TARGET_NAME)";
				REGISTER_APP_GROUPS = YES;
				SDKROOT = iphoneos;
				STRING_CATALOG_GENERATE_SYMBOLS = YES;
				SUPPORTED_PLATFORMS = "iphoneos iphonesimulator macosx xros xrsimulator";
				SWIFT_APPROACHABLE_CONCURRENCY = YES;
				SWIFT_DEFAULT_ACTOR_ISOLATION = MainActor;
				SWIFT_EMIT_LOC_STRINGS = YES;
				SWIFT_UPCOMING_FEATURE_MEMBER_IMPORT_VISIBILITY = YES;
				SWIFT_VERSION = 5.0;
				TARGETED_DEVICE_FAMILY = "1,2,7";
				XROS_DEPLOYMENT_TARGET = 26.0;
			};
			name = Debug;
		};
		042396C62F1D151700C7433B /* Release */ = {
			isa = XCBuildConfiguration;
			buildSettings = {
				ASSETCATALOG_COMPILER_APPICON_NAME = AppIcon;
				ASSETCATALOG_COMPILER_GLOBAL_ACCENT_COLOR_NAME = AccentColor;
				CODE_SIGN_STYLE = Automatic;
				CURRENT_PROJECT_VERSION = 1;
				DEVELOPMENT_TEAM = 9NQ43PR8Y4;
				ENABLE_APP_SANDBOX = YES;
				ENABLE_INCOMING_NETWORK_CONNECTIONS = NO;
				ENABLE_OUTGOING_NETWORK_CONNECTIONS = NO;
				ENABLE_PREVIEWS = YES;
				ENABLE_RESOURCE_ACCESS_AUDIO_INPUT = NO;
				ENABLE_RESOURCE_ACCESS_BLUETOOTH = NO;
				ENABLE_RESOURCE_ACCESS_CALENDARS = NO;
				ENABLE_RESOURCE_ACCESS_CAMERA = NO;
				ENABLE_RESOURCE_ACCESS_CONTACTS = NO;
				ENABLE_RESOURCE_ACCESS_LOCATION = NO;
				ENABLE_RESOURCE_ACCESS_PRINTING = NO;
				ENABLE_RESOURCE_ACCESS_USB = NO;
				ENABLE_USER_SELECTED_FILES = readonly;
				GENERATE_INFOPLIST_FILE = YES;
				INFOPLIST_FILE = "JinxiuZhizao-Info.plist";
				INFOPLIST_KEY_CFBundleDisplayName = "锦绣智造";
				INFOPLIST_KEY_NSCameraUsageDescription = "锦绣智造需要使用相机拍摄参考图片来生成设计";
				INFOPLIST_KEY_NSMicrophoneUsageDescription = "锦绣智造需要使用麦克风将创意描述转换为文字";
				INFOPLIST_KEY_NSNetworkVolumesUsageDescription = "锦绣智造需要网络连接来使用AI生成服务和工厂对接";
				INFOPLIST_KEY_NSPhotoLibraryAddUsageDescription = "锦绣智造需要保存生成的设计图到相册";
				INFOPLIST_KEY_NSPhotoLibraryUsageDescription = "锦绣智造需要访问相册以选择参考图片制作苏绣设计";
				INFOPLIST_KEY_NSSpeechRecognitionUsageDescription = "锦绣智造需要使用语音识别将口述创意转换为文字";
				INFOPLIST_KEY_UIApplicationSceneManifest_Generation = YES;
				"INFOPLIST_KEY_UIApplicationSceneManifest_Generation[sdk=iphoneos*]" = YES;
				"INFOPLIST_KEY_UIApplicationSceneManifest_Generation[sdk=iphonesimulator*]" = YES;
				INFOPLIST_KEY_UIApplicationSupportsIndirectInputEvents = YES;
				"INFOPLIST_KEY_UIApplicationSupportsIndirectInputEvents[sdk=iphoneos*]" = YES;
				"INFOPLIST_KEY_UIApplicationSupportsIndirectInputEvents[sdk=iphonesimulator*]" = YES;
				INFOPLIST_KEY_UILaunchScreen_Generation = YES;
				"INFOPLIST_KEY_UILaunchScreen_Generation[sdk=iphoneos*]" = YES;
				"INFOPLIST_KEY_UILaunchScreen_Generation[sdk=iphonesimulator*]" = YES;
				INFOPLIST_KEY_UIStatusBarStyle = UIStatusBarStyleDefault;
				"INFOPLIST_KEY_UIStatusBarStyle[sdk=*]" = "";
				"INFOPLIST_KEY_UIStatusBarStyle[sdk=iphoneos*]" = UIStatusBarStyleDefault;
				INFOPLIST_KEY_UISupportedInterfaceOrientations = "UIInterfaceOrientationPortrait UIInterfaceOrientationLandscapeLeft UIInterfaceOrientationLandscapeRight";
				INFOPLIST_KEY_UISupportedInterfaceOrientations_iPad = "UIInterfaceOrientationPortrait UIInterfaceOrientationPortraitUpsideDown UIInterfaceOrientationLandscapeLeft UIInterfaceOrientationLandscapeRight";
				INFOPLIST_KEY_UISupportedInterfaceOrientations_iPhone = "UIInterfaceOrientationPortrait UIInterfaceOrientationLandscapeLeft UIInterfaceOrientationLandscapeRight";
				IPHONEOS_DEPLOYMENT_TARGET = 26.0;
				LD_RUNPATH_SEARCH_PATHS = "@executable_path/Frameworks";
				"LD_RUNPATH_SEARCH_PATHS[sdk=macosx*]" = "@executable_path/../Frameworks";
				MACOSX_DEPLOYMENT_TARGET = 26.0;
				MARKETING_VERSION = 1.0;
				PRODUCT_BUNDLE_IDENTIFIER = com.chulakarins.suxiu;
				PRODUCT_NAME = "$(TARGET_NAME)";
				REGISTER_APP_GROUPS = YES;
				SDKROOT = iphoneos;
				STRING_CATALOG_GENERATE_SYMBOLS = YES;
				SUPPORTED_PLATFORMS = "iphoneos iphonesimulator macosx xros xrsimulator";
				SWIFT_APPROACHABLE_CONCURRENCY = YES;
				SWIFT_DEFAULT_ACTOR_ISOLATION = MainActor;
				SWIFT_EMIT_LOC_STRINGS = YES;
				SWIFT_UPCOMING_FEATURE_MEMBER_IMPORT_VISIBILITY = YES;
				SWIFT_VERSION = 5.0;
				TARGETED_DEVICE_FAMILY = "1,2,7";
				XROS_DEPLOYMENT_TARGET = 26.0;
			};
			name = Release;
		};
		042396C82F1D151700C7433B /* Debug */ = {
			isa = XCBuildConfiguration;
			buildSettings = {
				BUNDLE_LOADER = "$(TEST_HOST)";
				CODE_SIGN_STYLE = Automatic;
				CURRENT_PROJECT_VERSION = 1;
				GENERATE_INFOPLIST_FILE = YES;
				IPHONEOS_DEPLOYMENT_TARGET = 26.0;
				MACOSX_DEPLOYMENT_TARGET = 26.2;
				MARKETING_VERSION = 1.0;
				PRODUCT_BUNDLE_IDENTIFIER = com.chulakarins.suxiuTests;
				PRODUCT_NAME = "$(TARGET_NAME)";
				SDKROOT = auto;
				STRING_CATALOG_GENERATE_SYMBOLS = NO;
				SUPPORTED_PLATFORMS = "iphoneos iphonesimulator macosx xros xrsimulator";
				SWIFT_APPROACHABLE_CONCURRENCY = YES;
				SWIFT_EMIT_LOC_STRINGS = NO;
				SWIFT_UPCOMING_FEATURE_MEMBER_IMPORT_VISIBILITY = YES;
				SWIFT_VERSION = 5.0;
				TARGETED_DEVICE_FAMILY = "1,2,7";
				TEST_HOST = "$(BUILT_PRODUCTS_DIR)/JinxiuZhizao.app/$(BUNDLE_EXECUTABLE_FOLDER_PATH)/JinxiuZhizao";
				XROS_DEPLOYMENT_TARGET = 26.2;
			};
			name = Debug;
		};
		042396C92F1D151700C7433B /* Release */ = {
			isa = XCBuildConfiguration;
			buildSettings = {
				BUNDLE_LOADER = "$(TEST_HOST)";
				CODE_SIGN_STYLE = Automatic;
				CURRENT_PROJECT_VERSION = 1;
				GENERATE_INFOPLIST_FILE = YES;
				IPHONEOS_DEPLOYMENT_TARGET = 26.0;
				MACOSX_DEPLOYMENT_TARGET = 26.2;
				MARKETING_VERSION = 1.0;
				PRODUCT_BUNDLE_IDENTIFIER = com.chulakarins.suxiuTests;
				PRODUCT_NAME = "$(TARGET_NAME)";
				SDKROOT = auto;
				STRING_CATALOG_GENERATE_SYMBOLS = NO;
				SUPPORTED_PLATFORMS = "iphoneos iphonesimulator macosx xros xrsimulator";
				SWIFT_APPROACHABLE_CONCURRENCY = YES;
				SWIFT_EMIT_LOC_STRINGS = NO;
				SWIFT_UPCOMING_FEATURE_MEMBER_IMPORT_VISIBILITY = YES;
				SWIFT_VERSION = 5.0;
				TARGETED_DEVICE_FAMILY = "1,2,7";
				TEST_HOST = "$(BUILT_PRODUCTS_DIR)/JinxiuZhizao.app/$(BUNDLE_EXECUTABLE_FOLDER_PATH)/JinxiuZhizao";
				XROS_DEPLOYMENT_TARGET = 26.2;
			};
			name = Release;
		};
		042396CB2F1D151700C7433B /* Debug */ = {
			isa = XCBuildConfiguration;
			buildSettings = {
				CODE_SIGN_STYLE = Automatic;
				CURRENT_PROJECT_VERSION = 1;
				GENERATE_INFOPLIST_FILE = YES;
				IPHONEOS_DEPLOYMENT_TARGET = 26.0;
				MACOSX_DEPLOYMENT_TARGET = 26.2;
				MARKETING_VERSION = 1.0;
				PRODUCT_BUNDLE_IDENTIFIER = com.chulakarins.suxiuUITests;
				PRODUCT_NAME = "$(TARGET_NAME)";
				SDKROOT = auto;
				STRING_CATALOG_GENERATE_SYMBOLS = NO;
				SUPPORTED_PLATFORMS = "iphoneos iphonesimulator macosx xros xrsimulator";
				SWIFT_APPROACHABLE_CONCURRENCY = YES;
				SWIFT_EMIT_LOC_STRINGS = NO;
				SWIFT_UPCOMING_FEATURE_MEMBER_IMPORT_VISIBILITY = YES;
				SWIFT_VERSION = 5.0;
				TARGETED_DEVICE_FAMILY = "1,2,7";
				TEST_TARGET_NAME = "JinxiuZhizao";
				XROS_DEPLOYMENT_TARGET = 26.2;
			};
			name = Debug;
		};
		042396CC2F1D151700C7433B /* Release */ = {
			isa = XCBuildConfiguration;
			buildSettings = {
				CODE_SIGN_STYLE = Automatic;
				CURRENT_PROJECT_VERSION = 1;
				GENERATE_INFOPLIST_FILE = YES;
				IPHONEOS_DEPLOYMENT_TARGET = 26.0;
				MACOSX_DEPLOYMENT_TARGET = 26.2;
				MARKETING_VERSION = 1.0;
				PRODUCT_BUNDLE_IDENTIFIER = com.chulakarins.suxiuUITests;
				PRODUCT_NAME = "$(TARGET_NAME)";
				SDKROOT = auto;
				STRING_CATALOG_GENERATE_SYMBOLS = NO;
				SUPPORTED_PLATFORMS = "iphoneos iphonesimulator macosx xros xrsimulator";
				SWIFT_APPROACHABLE_CONCURRENCY = YES;
				SWIFT_EMIT_LOC_STRINGS = NO;
				SWIFT_UPCOMING_FEATURE_MEMBER_IMPORT_VISIBILITY = YES;
				SWIFT_VERSION = 5.0;
				TARGETED_DEVICE_FAMILY = "1,2,7";
				TEST_TARGET_NAME = "JinxiuZhizao";
				XROS_DEPLOYMENT_TARGET = 26.2;
			};
			name = Release;
		};
/* End XCBuildConfiguration section */

/* Begin XCConfigurationList section */
		0423969C2F1D151600C7433B /* Build configuration list for PBXProject "JinxiuZhizao" */ = {
			isa = XCConfigurationList;
			buildConfigurations = (
				042396C22F1D151700C7433B /* Debug */,
				042396C32F1D151700C7433B /* Release */,
			);
			defaultConfigurationIsVisible = 0;
			defaultConfigurationName = Release;
		};
		042396C42F1D151700C7433B /* Build configuration list for PBXNativeTarget "JinxiuZhizao" */ = {
			isa = XCConfigurationList;
			buildConfigurations = (
				042396C52F1D151700C7433B /* Debug */,
				042396C62F1D151700C7433B /* Release */,
			);
			defaultConfigurationIsVisible = 0;
			defaultConfigurationName = Release;
		};
		042396C72F1D151700C7433B /* Build configuration list for PBXNativeTarget "JinxiuZhizaoTests" */ = {
			isa = XCConfigurationList;
			buildConfigurations = (
				042396C82F1D151700C7433B /* Debug */,
				042396C92F1D151700C7433B /* Release */,
			);
			defaultConfigurationIsVisible = 0;
			defaultConfigurationName = Release;
		};
		042396CA2F1D151700C7433B /* Build configuration list for PBXNativeTarget "JinxiuZhizaoUITests" */ = {
			isa = XCConfigurationList;
			buildConfigurations = (
				042396CB2F1D151700C7433B /* Debug */,
				042396CC2F1D151700C7433B /* Release */,
			);
			defaultConfigurationIsVisible = 0;
			defaultConfigurationName = Release;
		};
/* End XCConfigurationList section */
	};
	rootObject = 042396992F1D151600C7433B /* Project object */;
}
